
Microsoft Visual Studio Solution File, Format Version 12.00
# Visual Studio Version 17
VisualStudioVersion = 17.12.35707.178
MinimumVisualStudioVersion = 10.0.40219.1
Project("{FAE04EC0-301F-11D3-BF4B-00C04F79EFBC}") = "Microsoft.Agents.M365Copilot.Beta", "src\Microsoft.Agents.M365Copilot.Beta\Microsoft.Agents.M365Copilot.Beta.csproj", "{745698F5-0395-C211-E34F-8A64640E0353}"
EndProject
Project("{FAE04EC0-301F-11D3-BF4B-00C04F79EFBC}") = "Microsoft.Agents.M365Copilot.Beta.Tests", "tests\Microsoft.Agents.M365Copilot.Beta.Tests\Microsoft.Agents.M365Copilot.Beta.Tests.csproj", "{9217C9E9-5E31-5A43-F437-E92AB6EC971C}"
EndProject
Project("{FAE04EC0-301F-11D3-BF4B-00C04F79EFBC}") = "Microsoft.Agents.M365Copilot.Core", "src\Microsoft.Agents.M365Copilot.Core\Microsoft.Agents.M365Copilot.Core.csproj", "{E2E3FCE0-A09C-49CE-9618-6F2FB738B773}"
EndProject
Project("{FAE04EC0-301F-11D3-BF4B-00C04F79EFBC}") = "Microsoft.Agents.M365Copilot.Core.Tests", "tests\Microsoft.Agents.M365Copilot.Core.Tests\Microsoft.Agents.M365Copilot.Core.Tests.csproj", "{FAEC020D-558A-4D42-94C3-907CEE16A9BD}"
EndProject
Project("{2150E333-8FDC-42A3-9474-1A3956D46DE8}") = "src", "src", "{827E0CD3-B72D-47B6-A68D-7590B98EB39B}"
EndProject
Project("{2150E333-8FDC-42A3-9474-1A3956D46DE8}") = "tests", "tests", "{0AB3BF05-4346-4AA6-1389-037BE0695223}"
EndProject
Project("{FAE04EC0-301F-11D3-BF4B-00C04F79EFBC}") = "Microsoft.Agents.M365Copilot.Sample", "src\Microsoft.Agents.M365Copilot.Sample\Microsoft.Agents.M365Copilot.Sample.csproj", "{FAC87736-1178-45E3-8692-CEE2FE051BBC}"
EndProject
Project("{FAE04EC0-301F-11D3-BF4B-00C04F79EFBC}") = "Microsoft.Agents.M365Copilot", "src\Microsoft.Agents.M365Copilot\Microsoft.Agents.M365Copilot.csproj", "{DC8281F0-648B-B18D-DC4D-4C503F96E264}"
EndProject
Global
	GlobalSection(SolutionConfigurationPlatforms) = preSolution
		Debug|Any CPU = Debug|Any CPU
		Debug|x64 = Debug|x64
		Debug|x86 = Debug|x86
		Release|Any CPU = Release|Any CPU
		Release|x64 = Release|x64
		Release|x86 = Release|x86
	EndGlobalSection
	GlobalSection(ProjectConfigurationPlatforms) = postSolution
		{745698F5-0395-C211-E34F-8A64640E0353}.Debug|Any CPU.ActiveCfg = Debug|Any CPU
		{745698F5-0395-C211-E34F-8A64640E0353}.Debug|Any CPU.Build.0 = Debug|Any CPU
		{745698F5-0395-C211-E34F-8A64640E0353}.Debug|x64.ActiveCfg = Debug|Any CPU
		{745698F5-0395-C211-E34F-8A64640E0353}.Debug|x64.Build.0 = Debug|Any CPU
		{745698F5-0395-C211-E34F-8A64640E0353}.Debug|x86.ActiveCfg = Debug|Any CPU
		{745698F5-0395-C211-E34F-8A64640E0353}.Debug|x86.Build.0 = Debug|Any CPU
		{745698F5-0395-C211-E34F-8A64640E0353}.Release|Any CPU.ActiveCfg = Release|Any CPU
		{745698F5-0395-C211-E34F-8A64640E0353}.Release|Any CPU.Build.0 = Release|Any CPU
		{745698F5-0395-C211-E34F-8A64640E0353}.Release|x64.ActiveCfg = Release|Any CPU
		{745698F5-0395-C211-E34F-8A64640E0353}.Release|x64.Build.0 = Release|Any CPU
		{745698F5-0395-C211-E34F-8A64640E0353}.Release|x86.ActiveCfg = Release|Any CPU
		{745698F5-0395-C211-E34F-8A64640E0353}.Release|x86.Build.0 = Release|Any CPU
		{9217C9E9-5E31-5A43-F437-E92AB6EC971C}.Debug|Any CPU.ActiveCfg = Debug|Any CPU
		{9217C9E9-5E31-5A43-F437-E92AB6EC971C}.Debug|Any CPU.Build.0 = Debug|Any CPU
		{9217C9E9-5E31-5A43-F437-E92AB6EC971C}.Debug|x64.ActiveCfg = Debug|Any CPU
		{9217C9E9-5E31-5A43-F437-E92AB6EC971C}.Debug|x64.Build.0 = Debug|Any CPU
		{9217C9E9-5E31-5A43-F437-E92AB6EC971C}.Debug|x86.ActiveCfg = Debug|Any CPU
		{9217C9E9-5E31-5A43-F437-E92AB6EC971C}.Debug|x86.Build.0 = Debug|Any CPU
		{9217C9E9-5E31-5A43-F437-E92AB6EC971C}.Release|Any CPU.ActiveCfg = Release|Any CPU
		{9217C9E9-5E31-5A43-F437-E92AB6EC971C}.Release|Any CPU.Build.0 = Release|Any CPU
		{9217C9E9-5E31-5A43-F437-E92AB6EC971C}.Release|x64.ActiveCfg = Release|Any CPU
		{9217C9E9-5E31-5A43-F437-E92AB6EC971C}.Release|x64.Build.0 = Release|Any CPU
		{9217C9E9-5E31-5A43-F437-E92AB6EC971C}.Release|x86.ActiveCfg = Release|Any CPU
		{9217C9E9-5E31-5A43-F437-E92AB6EC971C}.Release|x86.Build.0 = Release|Any CPU
		{E2E3FCE0-A09C-49CE-9618-6F2FB738B773}.Debug|Any CPU.ActiveCfg = Debug|Any CPU
		{E2E3FCE0-A09C-49CE-9618-6F2FB738B773}.Debug|Any CPU.Build.0 = Debug|Any CPU
		{E2E3FCE0-A09C-49CE-9618-6F2FB738B773}.Debug|x64.ActiveCfg = Debug|Any CPU
		{E2E3FCE0-A09C-49CE-9618-6F2FB738B773}.Debug|x64.Build.0 = Debug|Any CPU
		{E2E3FCE0-A09C-49CE-9618-6F2FB738B773}.Debug|x86.ActiveCfg = Debug|Any CPU
		{E2E3FCE0-A09C-49CE-9618-6F2FB738B773}.Debug|x86.Build.0 = Debug|Any CPU
		{E2E3FCE0-A09C-49CE-9618-6F2FB738B773}.Release|Any CPU.ActiveCfg = Release|Any CPU
		{E2E3FCE0-A09C-49CE-9618-6F2FB738B773}.Release|Any CPU.Build.0 = Release|Any CPU
		{E2E3FCE0-A09C-49CE-9618-6F2FB738B773}.Release|x64.ActiveCfg = Release|Any CPU
		{E2E3FCE0-A09C-49CE-9618-6F2FB738B773}.Release|x64.Build.0 = Release|Any CPU
		{E2E3FCE0-A09C-49CE-9618-6F2FB738B773}.Release|x86.ActiveCfg = Release|Any CPU
		{E2E3FCE0-A09C-49CE-9618-6F2FB738B773}.Release|x86.Build.0 = Release|Any CPU
		{FAEC020D-558A-4D42-94C3-907CEE16A9BD}.Debug|Any CPU.ActiveCfg = Debug|Any CPU
		{FAEC020D-558A-4D42-94C3-907CEE16A9BD}.Debug|Any CPU.Build.0 = Debug|Any CPU
		{FAEC020D-558A-4D42-94C3-907CEE16A9BD}.Debug|x64.ActiveCfg = Debug|Any CPU
		{FAEC020D-558A-4D42-94C3-907CEE16A9BD}.Debug|x64.Build.0 = Debug|Any CPU
		{FAEC020D-558A-4D42-94C3-907CEE16A9BD}.Debug|x86.ActiveCfg = Debug|Any CPU
		{FAEC020D-558A-4D42-94C3-907CEE16A9BD}.Debug|x86.Build.0 = Debug|Any CPU
		{FAEC020D-558A-4D42-94C3-907CEE16A9BD}.Release|Any CPU.ActiveCfg = Release|Any CPU
		{FAEC020D-558A-4D42-94C3-907CEE16A9BD}.Release|Any CPU.Build.0 = Release|Any CPU
		{FAEC020D-558A-4D42-94C3-907CEE16A9BD}.Release|x64.ActiveCfg = Release|Any CPU
		{FAEC020D-558A-4D42-94C3-907CEE16A9BD}.Release|x64.Build.0 = Release|Any CPU
		{FAEC020D-558A-4D42-94C3-907CEE16A9BD}.Release|x86.ActiveCfg = Release|Any CPU
		{FAEC020D-558A-4D42-94C3-907CEE16A9BD}.Release|x86.Build.0 = Release|Any CPU
		{FAC87736-1178-45E3-8692-CEE2FE051BBC}.Debug|Any CPU.ActiveCfg = Debug|Any CPU
		{FAC87736-1178-45E3-8692-CEE2FE051BBC}.Debug|Any CPU.Build.0 = Debug|Any CPU
		{FAC87736-1178-45E3-8692-CEE2FE051BBC}.Debug|x64.ActiveCfg = Debug|Any CPU
		{FAC87736-1178-45E3-8692-CEE2FE051BBC}.Debug|x64.Build.0 = Debug|Any CPU
		{FAC87736-1178-45E3-8692-CEE2FE051BBC}.Debug|x86.ActiveCfg = Debug|Any CPU
		{FAC87736-1178-45E3-8692-CEE2FE051BBC}.Debug|x86.Build.0 = Debug|Any CPU
		{FAC87736-1178-45E3-8692-CEE2FE051BBC}.Release|Any CPU.ActiveCfg = Release|Any CPU
		{FAC87736-1178-45E3-8692-CEE2FE051BBC}.Release|Any CPU.Build.0 = Release|Any CPU
		{FAC87736-1178-45E3-8692-CEE2FE051BBC}.Release|x64.ActiveCfg = Release|Any CPU
		{FAC87736-1178-45E3-8692-CEE2FE051BBC}.Release|x64.Build.0 = Release|Any CPU
		{FAC87736-1178-45E3-8692-CEE2FE051BBC}.Release|x86.ActiveCfg = Release|Any CPU
		{FAC87736-1178-45E3-8692-CEE2FE051BBC}.Release|x86.Build.0 = Release|Any CPU
		{DC8281F0-648B-B18D-DC4D-4C503F96E264}.Debug|Any CPU.ActiveCfg = Debug|Any CPU
		{DC8281F0-648B-B18D-DC4D-4C503F96E264}.Debug|Any CPU.Build.0 = Debug|Any CPU
		{DC8281F0-648B-B18D-DC4D-4C503F96E264}.Debug|x64.ActiveCfg = Debug|Any CPU
		{DC8281F0-648B-B18D-DC4D-4C503F96E264}.Debug|x64.Build.0 = Debug|Any CPU
		{DC8281F0-648B-B18D-DC4D-4C503F96E264}.Debug|x86.ActiveCfg = Debug|Any CPU
		{DC8281F0-648B-B18D-DC4D-4C503F96E264}.Debug|x86.Build.0 = Debug|Any CPU
		{DC8281F0-648B-B18D-DC4D-4C503F96E264}.Release|Any CPU.ActiveCfg = Release|Any CPU
		{DC8281F0-648B-B18D-DC4D-4C503F96E264}.Release|Any CPU.Build.0 = Release|Any CPU
		{DC8281F0-648B-B18D-DC4D-4C503F96E264}.Release|x64.ActiveCfg = Release|Any CPU
		{DC8281F0-648B-B18D-DC4D-4C503F96E264}.Release|x64.Build.0 = Release|Any CPU
		{DC8281F0-648B-B18D-DC4D-4C503F96E264}.Release|x86.ActiveCfg = Release|Any CPU
		{DC8281F0-648B-B18D-DC4D-4C503F96E264}.Release|x86.Build.0 = Release|Any CPU
	EndGlobalSection
	GlobalSection(SolutionProperties) = preSolution
		HideSolutionNode = FALSE
	EndGlobalSection
	GlobalSection(NestedProjects) = preSolution
		{FAC87736-1178-45E3-8692-CEE2FE051BBC} = {827E0CD3-B72D-47B6-A68D-7590B98EB39B}
	EndGlobalSection
EndGlobal
